
Microsoft Visual Studio Solution File, Format Version 12.00
# Visual Studio Version 17
VisualStudioVersion = 17.3.32825.248
MinimumVisualStudioVersion = 10.0.40219.1
Project("{9A19103F-16F7-4668-BE54-9A1E7A4F7556}") = "FigureClassLibrary", "FigureClassLibrary\FigureClassLibrary.csproj", "{E68FCB30-8066-421F-B267-440AB4A80306}"
EndProject
Project("{FAE04EC0-301F-11D3-BF4B-00C04F79EFBC}") = "FigureClassLibraryTest", "FigureClassLibraryTest\FigureClassLibraryTest.csproj", "{6295913A-0C89-464F-8C3E-F1465B7A6AC9}"
EndProject
Global
	GlobalSection(SolutionConfigurationPlatforms) = preSolution
		Debug|Any CPU = Debug|Any CPU
		Release|Any CPU = Release|Any CPU
	EndGlobalSection
	GlobalSection(ProjectConfigurationPlatforms) = postSolution
		{E68FCB30-8066-421F-B267-440AB4A80306}.Debug|Any CPU.ActiveCfg = Debug|Any CPU
		{E68FCB30-8066-421F-B267-440AB4A80306}.Debug|Any CPU.Build.0 = Debug|Any CPU
		{E68FCB30-8066-421F-B267-440AB4A80306}.Release|Any CPU.ActiveCfg = Release|Any CPU
		{E68FCB30-8066-421F-B267-440AB4A80306}.Release|Any CPU.Build.0 = Release|Any CPU
		{6295913A-0C89-464F-8C3E-F1465B7A6AC9}.Debug|Any CPU.ActiveCfg = Debug|Any CPU
		{6295913A-0C89-464F-8C3E-F1465B7A6AC9}.Debug|Any CPU.Build.0 = Debug|Any CPU
		{6295913A-0C89-464F-8C3E-F1465B7A6AC9}.Release|Any CPU.ActiveCfg = Release|Any CPU
		{6295913A-0C89-464F-8C3E-F1465B7A6AC9}.Release|Any CPU.Build.0 = Release|Any CPU
	EndGlobalSection
	GlobalSection(SolutionProperties) = preSolution
		HideSolutionNode = FALSE
	EndGlobalSection
	GlobalSection(ExtensibilityGlobals) = postSolution
		SolutionGuid = {AB30867F-77E3-49B3-9ADC-4BF3E4C5EBB3}
	EndGlobalSection
EndGlobal
